// !$*UTF8*$!
{
	archiveVersion = 1;
	classes = {
	};
	objectVersion = 51;
	objects = {

/* Begin PBXBuildFile section */
		32139D3125C45DA900C4D414 /* UINavigationController.swift in Sources */ = {isa = PBXBuildFile; fileRef = 32139D3025C45DA900C4D414 /* UINavigationController.swift */; };
		323B659625C40B1E002FC926 /* SearchService.swift in Sources */ = {isa = PBXBuildFile; fileRef = 323B659525C40B1E002FC926 /* SearchService.swift */; };
		323B659A25C40C9E002FC926 /* Search.swift in Sources */ = {isa = PBXBuildFile; fileRef = 323B659925C40C9E002FC926 /* Search.swift */; };
		323B659F25C41E40002FC926 /* DetailViewController.swift in Sources */ = {isa = PBXBuildFile; fileRef = 323B659E25C41E40002FC926 /* DetailViewController.swift */; };
		323B65A325C41E4A002FC926 /* DetailView.swift in Sources */ = {isa = PBXBuildFile; fileRef = 323B65A225C41E49002FC926 /* DetailView.swift */; };
		323B65A625C41E52002FC926 /* DetailView.xib in Resources */ = {isa = PBXBuildFile; fileRef = 323B65A525C41E52002FC926 /* DetailView.xib */; };
		323B65A925C42064002FC926 /* UIButton.swift in Sources */ = {isa = PBXBuildFile; fileRef = 323B65A825C42064002FC926 /* UIButton.swift */; };
		323B65AC25C42B82002FC926 /* PersistManager.swift in Sources */ = {isa = PBXBuildFile; fileRef = 323B65AB25C42B82002FC926 /* PersistManager.swift */; };
		323B65B025C42BBF002FC926 /* CoreDataController.swift in Sources */ = {isa = PBXBuildFile; fileRef = 323B65AF25C42BBF002FC926 /* CoreDataController.swift */; };
		32DC970325C2EB9900947118 /* AppDelegate.swift in Sources */ = {isa = PBXBuildFile; fileRef = 32DC970225C2EB9900947118 /* AppDelegate.swift */; };
		32DC970525C2EB9900947118 /* SceneDelegate.swift in Sources */ = {isa = PBXBuildFile; fileRef = 32DC970425C2EB9900947118 /* SceneDelegate.swift */; };
		32DC970725C2EB9900947118 /* AddessViewController.swift in Sources */ = {isa = PBXBuildFile; fileRef = 32DC970625C2EB9900947118 /* AddessViewController.swift */; };
		32DC970D25C2EB9900947118 /* YandexMapTask.xcdatamodeld in Sources */ = {isa = PBXBuildFile; fileRef = 32DC970B25C2EB9900947118 /* YandexMapTask.xcdatamodeld */; };
		32DC970F25C2EB9A00947118 /* Assets.xcassets in Resources */ = {isa = PBXBuildFile; fileRef = 32DC970E25C2EB9A00947118 /* Assets.xcassets */; };
		32DC971225C2EB9A00947118 /* LaunchScreen.storyboard in Resources */ = {isa = PBXBuildFile; fileRef = 32DC971025C2EB9A00947118 /* LaunchScreen.storyboard */; };
		32DC972025C2EF5200947118 /* TabBarController.swift in Sources */ = {isa = PBXBuildFile; fileRef = 32DC971F25C2EF5200947118 /* TabBarController.swift */; };
		32DC972525C2EF9500947118 /* UIColor.swift in Sources */ = {isa = PBXBuildFile; fileRef = 32DC972425C2EF9500947118 /* UIColor.swift */; };
		32DC972A25C2EFC400947118 /* AssetsColor.swift in Sources */ = {isa = PBXBuildFile; fileRef = 32DC972925C2EFC400947118 /* AssetsColor.swift */; };
		32DC972E25C2EFFB00947118 /* AssetsImage.swift in Sources */ = {isa = PBXBuildFile; fileRef = 32DC972D25C2EFFB00947118 /* AssetsImage.swift */; };
		32DC973125C2F02D00947118 /* UIImage.swift in Sources */ = {isa = PBXBuildFile; fileRef = 32DC973025C2F02D00947118 /* UIImage.swift */; };
		32DC973725C2F0E300947118 /* Coordinator.swift in Sources */ = {isa = PBXBuildFile; fileRef = 32DC973625C2F0E300947118 /* Coordinator.swift */; };
		32DC973B25C2F17100947118 /* AddressCoordinator.swift in Sources */ = {isa = PBXBuildFile; fileRef = 32DC973A25C2F17100947118 /* AddressCoordinator.swift */; };
		32DC974125C2F1A200947118 /* MapCoordinator.swift in Sources */ = {isa = PBXBuildFile; fileRef = 32DC974025C2F1A200947118 /* MapCoordinator.swift */; };
		32DC974425C2F1B200947118 /* ProfileCoordinator.swift in Sources */ = {isa = PBXBuildFile; fileRef = 32DC974325C2F1B200947118 /* ProfileCoordinator.swift */; };
		32DC974925C2F59E00947118 /* ViewSpecificController.swift in Sources */ = {isa = PBXBuildFile; fileRef = 32DC974825C2F59E00947118 /* ViewSpecificController.swift */; };
		32DC974C25C2F5FD00947118 /* AlertViewController.swift in Sources */ = {isa = PBXBuildFile; fileRef = 32DC974B25C2F5FD00947118 /* AlertViewController.swift */; };
		32DC975125C2F65C00947118 /* AddressView.swift in Sources */ = {isa = PBXBuildFile; fileRef = 32DC975025C2F65C00947118 /* AddressView.swift */; };
		32DC975425C2F66800947118 /* AddressView.xib in Resources */ = {isa = PBXBuildFile; fileRef = 32DC975325C2F66800947118 /* AddressView.xib */; };
		32DC975825C2F69F00947118 /* CustomView.swift in Sources */ = {isa = PBXBuildFile; fileRef = 32DC975725C2F69F00947118 /* CustomView.swift */; };
		32DC975C25C2F78600947118 /* AddressViewModel.swift in Sources */ = {isa = PBXBuildFile; fileRef = 32DC975B25C2F78600947118 /* AddressViewModel.swift */; };
		32DC976325C2F9DF00947118 /* UITabBarItem.swift in Sources */ = {isa = PBXBuildFile; fileRef = 32DC976225C2F9DF00947118 /* UITabBarItem.swift */; };
		32DC976925C2FC1700947118 /* MapViewController.swift in Sources */ = {isa = PBXBuildFile; fileRef = 32DC976825C2FC1700947118 /* MapViewController.swift */; };
		32DC976D25C2FC2300947118 /* MapView.swift in Sources */ = {isa = PBXBuildFile; fileRef = 32DC976C25C2FC2300947118 /* MapView.swift */; };
		32DC977025C2FC2B00947118 /* MapView.xib in Resources */ = {isa = PBXBuildFile; fileRef = 32DC976F25C2FC2B00947118 /* MapView.xib */; };
		32DC977325C2FC3600947118 /* MapViewModel.swift in Sources */ = {isa = PBXBuildFile; fileRef = 32DC977225C2FC3600947118 /* MapViewModel.swift */; };
		32DC977C25C2FD0100947118 /* ProfileView.swift in Sources */ = {isa = PBXBuildFile; fileRef = 32DC977B25C2FD0100947118 /* ProfileView.swift */; };
		32DC977F25C2FD0A00947118 /* ProfileView.xib in Resources */ = {isa = PBXBuildFile; fileRef = 32DC977E25C2FD0A00947118 /* ProfileView.xib */; };
		32DC978225C2FD1B00947118 /* ProfileViewController.swift in Sources */ = {isa = PBXBuildFile; fileRef = 32DC978125C2FD1B00947118 /* ProfileViewController.swift */; };
		32DC978625C2FFED00947118 /* UINavigationBar.swift in Sources */ = {isa = PBXBuildFile; fileRef = 32DC978525C2FFED00947118 /* UINavigationBar.swift */; };
		32DC979425C3085000947118 /* AddressDataProvider.swift in Sources */ = {isa = PBXBuildFile; fileRef = 32DC979325C3085000947118 /* AddressDataProvider.swift */; };
		32DC979925C308B100947118 /* AddressCollectionViewCell.swift in Sources */ = {isa = PBXBuildFile; fileRef = 32DC979725C308B100947118 /* AddressCollectionViewCell.swift */; };
		32DC979A25C308B100947118 /* AddressCollectionViewCell.xib in Resources */ = {isa = PBXBuildFile; fileRef = 32DC979825C308B100947118 /* AddressCollectionViewCell.xib */; };
		32DC979D25C30ABD00947118 /* ReusableView.swift in Sources */ = {isa = PBXBuildFile; fileRef = 32DC979C25C30ABD00947118 /* ReusableView.swift */; };
		32DC97A025C30AF000947118 /* UIView.swift in Sources */ = {isa = PBXBuildFile; fileRef = 32DC979F25C30AF000947118 /* UIView.swift */; };
		32DC97A325C30DFE00947118 /* YandexMap.swift in Sources */ = {isa = PBXBuildFile; fileRef = 32DC97A225C30DFE00947118 /* YandexMap.swift */; };
		32DC97A725C3101300947118 /* SearchView.swift in Sources */ = {isa = PBXBuildFile; fileRef = 32DC97A625C3101300947118 /* SearchView.swift */; };
		32DC97AC25C3102C00947118 /* SearchView.xib in Resources */ = {isa = PBXBuildFile; fileRef = 32DC97AB25C3102C00947118 /* SearchView.xib */; };
		32DC97AF25C3130500947118 /* UISearchBar.swift in Sources */ = {isa = PBXBuildFile; fileRef = 32DC97AE25C3130500947118 /* UISearchBar.swift */; };
		32DC97B325C319B700947118 /* PickerPinView.swift in Sources */ = {isa = PBXBuildFile; fileRef = 32DC97B225C319B700947118 /* PickerPinView.swift */; };
		32DC97B725C319C200947118 /* PickerPinView.xib in Resources */ = {isa = PBXBuildFile; fileRef = 32DC97B625C319C200947118 /* PickerPinView.xib */; };
		32DC97BB25C3F09F00947118 /* UIViewController.swift in Sources */ = {isa = PBXBuildFile; fileRef = 32DC97BA25C3F09F00947118 /* UIViewController.swift */; };
		32DC97C225C3F18600947118 /* SearchViewModel.swift in Sources */ = {isa = PBXBuildFile; fileRef = 32DC97C125C3F18600947118 /* SearchViewModel.swift */; };
		32DC97C525C3F19B00947118 /* SuggestViewController.swift in Sources */ = {isa = PBXBuildFile; fileRef = 32DC97C425C3F19B00947118 /* SuggestViewController.swift */; };
		32DC97CA25C3F1B900947118 /* SuggestView.swift in Sources */ = {isa = PBXBuildFile; fileRef = 32DC97C925C3F1B900947118 /* SuggestView.swift */; };
		32DC97CE25C3F1C600947118 /* SuggestView.xib in Resources */ = {isa = PBXBuildFile; fileRef = 32DC97CD25C3F1C600947118 /* SuggestView.xib */; };
		32DC97D825C3F28300947118 /* SuggestTableViewCell.swift in Sources */ = {isa = PBXBuildFile; fileRef = 32DC97D625C3F28300947118 /* SuggestTableViewCell.swift */; };
		32DC97D925C3F28300947118 /* SuggestTableViewCell.xib in Resources */ = {isa = PBXBuildFile; fileRef = 32DC97D725C3F28300947118 /* SuggestTableViewCell.xib */; };
		32DC97DC25C3F32700947118 /* SuggestDataProvider.swift in Sources */ = {isa = PBXBuildFile; fileRef = 32DC97DB25C3F32700947118 /* SuggestDataProvider.swift */; };
		5488A09C714394A4ABF3AE32 /* Pods_YandexMapTask.framework in Frameworks */ = {isa = PBXBuildFile; fileRef = BDD6262F9749B37BFA97BC49 /* Pods_YandexMapTask.framework */; };
/* End PBXBuildFile section */

/* Begin PBXFileReference section */
		01E1607C8DFDA72F5DB94201 /* Pods-YandexMapTask.release.xcconfig */ = {isa = PBXFileReference; includeInIndex = 1; lastKnownFileType = text.xcconfig; name = "Pods-YandexMapTask.release.xcconfig"; path = "Target Support Files/Pods-YandexMapTask/Pods-YandexMapTask.release.xcconfig"; sourceTree = "<group>"; };
		32139D3025C45DA900C4D414 /* UINavigationController.swift */ = {isa = PBXFileReference; lastKnownFileType = sourcecode.swift; path = UINavigationController.swift; sourceTree = "<group>"; };
		323B659525C40B1E002FC926 /* SearchService.swift */ = {isa = PBXFileReference; lastKnownFileType = sourcecode.swift; path = SearchService.swift; sourceTree = "<group>"; };
		323B659925C40C9E002FC926 /* Search.swift */ = {isa = PBXFileReference; lastKnownFileType = sourcecode.swift; path = Search.swift; sourceTree = "<group>"; };
		323B659E25C41E40002FC926 /* DetailViewController.swift */ = {isa = PBXFileReference; lastKnownFileType = sourcecode.swift; path = DetailViewController.swift; sourceTree = "<group>"; };
		323B65A225C41E49002FC926 /* DetailView.swift */ = {isa = PBXFileReference; lastKnownFileType = sourcecode.swift; path = DetailView.swift; sourceTree = "<group>"; };
		323B65A525C41E52002FC926 /* DetailView.xib */ = {isa = PBXFileReference; lastKnownFileType = file.xib; path = DetailView.xib; sourceTree = "<group>"; };
		323B65A825C42064002FC926 /* UIButton.swift */ = {isa = PBXFileReference; lastKnownFileType = sourcecode.swift; path = UIButton.swift; sourceTree = "<group>"; };
		323B65AB25C42B82002FC926 /* PersistManager.swift */ = {isa = PBXFileReference; lastKnownFileType = sourcecode.swift; path = PersistManager.swift; sourceTree = "<group>"; };
		323B65AF25C42BBF002FC926 /* CoreDataController.swift */ = {isa = PBXFileReference; lastKnownFileType = sourcecode.swift; path = CoreDataController.swift; sourceTree = "<group>"; };
		32DC96FF25C2EB9900947118 /* YandexMapTask.app */ = {isa = PBXFileReference; explicitFileType = wrapper.application; includeInIndex = 0; path = YandexMapTask.app; sourceTree = BUILT_PRODUCTS_DIR; };
		32DC970225C2EB9900947118 /* AppDelegate.swift */ = {isa = PBXFileReference; lastKnownFileType = sourcecode.swift; path = AppDelegate.swift; sourceTree = "<group>"; };
		32DC970425C2EB9900947118 /* SceneDelegate.swift */ = {isa = PBXFileReference; lastKnownFileType = sourcecode.swift; path = SceneDelegate.swift; sourceTree = "<group>"; };
		32DC970625C2EB9900947118 /* AddessViewController.swift */ = {isa = PBXFileReference; lastKnownFileType = sourcecode.swift; path = AddessViewController.swift; sourceTree = "<group>"; };
		32DC970C25C2EB9900947118 /* YandexMapTask.xcdatamodel */ = {isa = PBXFileReference; lastKnownFileType = wrapper.xcdatamodel; path = YandexMapTask.xcdatamodel; sourceTree = "<group>"; };
		32DC970E25C2EB9A00947118 /* Assets.xcassets */ = {isa = PBXFileReference; lastKnownFileType = folder.assetcatalog; path = Assets.xcassets; sourceTree = "<group>"; };
		32DC971125C2EB9A00947118 /* Base */ = {isa = PBXFileReference; lastKnownFileType = file.storyboard; name = Base; path = Base.lproj/LaunchScreen.storyboard; sourceTree = "<group>"; };
		32DC971325C2EB9A00947118 /* Info.plist */ = {isa = PBXFileReference; lastKnownFileType = text.plist.xml; path = Info.plist; sourceTree = "<group>"; };
		32DC971F25C2EF5200947118 /* TabBarController.swift */ = {isa = PBXFileReference; lastKnownFileType = sourcecode.swift; path = TabBarController.swift; sourceTree = "<group>"; };
		32DC972425C2EF9500947118 /* UIColor.swift */ = {isa = PBXFileReference; lastKnownFileType = sourcecode.swift; path = UIColor.swift; sourceTree = "<group>"; };
		32DC972925C2EFC400947118 /* AssetsColor.swift */ = {isa = PBXFileReference; lastKnownFileType = sourcecode.swift; path = AssetsColor.swift; sourceTree = "<group>"; };
		32DC972D25C2EFFB00947118 /* AssetsImage.swift */ = {isa = PBXFileReference; lastKnownFileType = sourcecode.swift; path = AssetsImage.swift; sourceTree = "<group>"; };
		32DC973025C2F02D00947118 /* UIImage.swift */ = {isa = PBXFileReference; lastKnownFileType = sourcecode.swift; path = UIImage.swift; sourceTree = "<group>"; };
		32DC973625C2F0E300947118 /* Coordinator.swift */ = {isa = PBXFileReference; lastKnownFileType = sourcecode.swift; path = Coordinator.swift; sourceTree = "<group>"; };
		32DC973A25C2F17100947118 /* AddressCoordinator.swift */ = {isa = PBXFileReference; lastKnownFileType = sourcecode.swift; path = AddressCoordinator.swift; sourceTree = "<group>"; };
		32DC974025C2F1A200947118 /* MapCoordinator.swift */ = {isa = PBXFileReference; lastKnownFileType = sourcecode.swift; path = MapCoordinator.swift; sourceTree = "<group>"; };
		32DC974325C2F1B200947118 /* ProfileCoordinator.swift */ = {isa = PBXFileReference; lastKnownFileType = sourcecode.swift; path = ProfileCoordinator.swift; sourceTree = "<group>"; };
		32DC974825C2F59E00947118 /* ViewSpecificController.swift */ = {isa = PBXFileReference; lastKnownFileType = sourcecode.swift; path = ViewSpecificController.swift; sourceTree = "<group>"; };
		32DC974B25C2F5FD00947118 /* AlertViewController.swift */ = {isa = PBXFileReference; lastKnownFileType = sourcecode.swift; path = AlertViewController.swift; sourceTree = "<group>"; };
		32DC975025C2F65C00947118 /* AddressView.swift */ = {isa = PBXFileReference; lastKnownFileType = sourcecode.swift; path = AddressView.swift; sourceTree = "<group>"; };
		32DC975325C2F66800947118 /* AddressView.xib */ = {isa = PBXFileReference; lastKnownFileType = file.xib; path = AddressView.xib; sourceTree = "<group>"; };
		32DC975725C2F69F00947118 /* CustomView.swift */ = {isa = PBXFileReference; lastKnownFileType = sourcecode.swift; path = CustomView.swift; sourceTree = "<group>"; };
		32DC975B25C2F78600947118 /* AddressViewModel.swift */ = {isa = PBXFileReference; lastKnownFileType = sourcecode.swift; path = AddressViewModel.swift; sourceTree = "<group>"; };
		32DC976225C2F9DF00947118 /* UITabBarItem.swift */ = {isa = PBXFileReference; lastKnownFileType = sourcecode.swift; path = UITabBarItem.swift; sourceTree = "<group>"; };
		32DC976825C2FC1700947118 /* MapViewController.swift */ = {isa = PBXFileReference; lastKnownFileType = sourcecode.swift; path = MapViewController.swift; sourceTree = "<group>"; };
		32DC976C25C2FC2300947118 /* MapView.swift */ = {isa = PBXFileReference; lastKnownFileType = sourcecode.swift; path = MapView.swift; sourceTree = "<group>"; };
		32DC976F25C2FC2B00947118 /* MapView.xib */ = {isa = PBXFileReference; lastKnownFileType = file.xib; path = MapView.xib; sourceTree = "<group>"; };
		32DC977225C2FC3600947118 /* MapViewModel.swift */ = {isa = PBXFileReference; lastKnownFileType = sourcecode.swift; path = MapViewModel.swift; sourceTree = "<group>"; };
		32DC977B25C2FD0100947118 /* ProfileView.swift */ = {isa = PBXFileReference; lastKnownFileType = sourcecode.swift; path = ProfileView.swift; sourceTree = "<group>"; };
		32DC977E25C2FD0A00947118 /* ProfileView.xib */ = {isa = PBXFileReference; lastKnownFileType = file.xib; path = ProfileView.xib; sourceTree = "<group>"; };
		32DC978125C2FD1B00947118 /* ProfileViewController.swift */ = {isa = PBXFileReference; lastKnownFileType = sourcecode.swift; path = ProfileViewController.swift; sourceTree = "<group>"; };
		32DC978525C2FFED00947118 /* UINavigationBar.swift */ = {isa = PBXFileReference; lastKnownFileType = sourcecode.swift; path = UINavigationBar.swift; sourceTree = "<group>"; };
		32DC979325C3085000947118 /* AddressDataProvider.swift */ = {isa = PBXFileReference; lastKnownFileType = sourcecode.swift; path = AddressDataProvider.swift; sourceTree = "<group>"; };
		32DC979725C308B100947118 /* AddressCollectionViewCell.swift */ = {isa = PBXFileReference; lastKnownFileType = sourcecode.swift; path = AddressCollectionViewCell.swift; sourceTree = "<group>"; };
		32DC979825C308B100947118 /* AddressCollectionViewCell.xib */ = {isa = PBXFileReference; lastKnownFileType = file.xib; path = AddressCollectionViewCell.xib; sourceTree = "<group>"; };
		32DC979C25C30ABD00947118 /* ReusableView.swift */ = {isa = PBXFileReference; lastKnownFileType = sourcecode.swift; path = ReusableView.swift; sourceTree = "<group>"; };
		32DC979F25C30AF000947118 /* UIView.swift */ = {isa = PBXFileReference; lastKnownFileType = sourcecode.swift; path = UIView.swift; sourceTree = "<group>"; };
		32DC97A225C30DFE00947118 /* YandexMap.swift */ = {isa = PBXFileReference; lastKnownFileType = sourcecode.swift; path = YandexMap.swift; sourceTree = "<group>"; };
		32DC97A625C3101300947118 /* SearchView.swift */ = {isa = PBXFileReference; lastKnownFileType = sourcecode.swift; path = SearchView.swift; sourceTree = "<group>"; };
		32DC97AB25C3102C00947118 /* SearchView.xib */ = {isa = PBXFileReference; lastKnownFileType = file.xib; path = SearchView.xib; sourceTree = "<group>"; };
		32DC97AE25C3130500947118 /* UISearchBar.swift */ = {isa = PBXFileReference; lastKnownFileType = sourcecode.swift; path = UISearchBar.swift; sourceTree = "<group>"; };
		32DC97B225C319B700947118 /* PickerPinView.swift */ = {isa = PBXFileReference; lastKnownFileType = sourcecode.swift; path = PickerPinView.swift; sourceTree = "<group>"; };
		32DC97B625C319C200947118 /* PickerPinView.xib */ = {isa = PBXFileReference; lastKnownFileType = file.xib; path = PickerPinView.xib; sourceTree = "<group>"; };
		32DC97BA25C3F09F00947118 /* UIViewController.swift */ = {isa = PBXFileReference; lastKnownFileType = sourcecode.swift; path = UIViewController.swift; sourceTree = "<group>"; };
		32DC97C125C3F18600947118 /* SearchViewModel.swift */ = {isa = PBXFileReference; lastKnownFileType = sourcecode.swift; path = SearchViewModel.swift; sourceTree = "<group>"; };
		32DC97C425C3F19B00947118 /* SuggestViewController.swift */ = {isa = PBXFileReference; lastKnownFileType = sourcecode.swift; path = SuggestViewController.swift; sourceTree = "<group>"; };
		32DC97C925C3F1B900947118 /* SuggestView.swift */ = {isa = PBXFileReference; lastKnownFileType = sourcecode.swift; path = SuggestView.swift; sourceTree = "<group>"; };
		32DC97CD25C3F1C600947118 /* SuggestView.xib */ = {isa = PBXFileReference; lastKnownFileType = file.xib; path = SuggestView.xib; sourceTree = "<group>"; };
		32DC97D625C3F28300947118 /* SuggestTableViewCell.swift */ = {isa = PBXFileReference; lastKnownFileType = sourcecode.swift; path = SuggestTableViewCell.swift; sourceTree = "<group>"; };
		32DC97D725C3F28300947118 /* SuggestTableViewCell.xib */ = {isa = PBXFileReference; lastKnownFileType = file.xib; path = SuggestTableViewCell.xib; sourceTree = "<group>"; };
		32DC97DB25C3F32700947118 /* SuggestDataProvider.swift */ = {isa = PBXFileReference; lastKnownFileType = sourcecode.swift; path = SuggestDataProvider.swift; sourceTree = "<group>"; };
		63B8E48EC5CECBF8FAC7D9B5 /* Pods-YandexMapTask.debug.xcconfig */ = {isa = PBXFileReference; includeInIndex = 1; lastKnownFileType = text.xcconfig; name = "Pods-YandexMapTask.debug.xcconfig"; path = "Target Support Files/Pods-YandexMapTask/Pods-YandexMapTask.debug.xcconfig"; sourceTree = "<group>"; };
		BDD6262F9749B37BFA97BC49 /* Pods_YandexMapTask.framework */ = {isa = PBXFileReference; explicitFileType = wrapper.framework; includeInIndex = 0; path = Pods_YandexMapTask.framework; sourceTree = BUILT_PRODUCTS_DIR; };
/* End PBXFileReference section */

/* Begin PBXFrameworksBuildPhase section */
		32DC96FC25C2EB9900947118 /* Frameworks */ = {
			isa = PBXFrameworksBuildPhase;
			buildActionMask = 2147483647;
			files = (
				5488A09C714394A4ABF3AE32 /* Pods_YandexMapTask.framework in Frameworks */,
			);
			runOnlyForDeploymentPostprocessing = 0;
		};
/* End PBXFrameworksBuildPhase section */

/* Begin PBXGroup section */
		139E0B4D65E77311D72AC7FC /* Frameworks */ = {
			isa = PBXGroup;
			children = (
				BDD6262F9749B37BFA97BC49 /* Pods_YandexMapTask.framework */,
			);
			name = Frameworks;
			sourceTree = "<group>";
		};
		32139D2E25C4304A00C4D414 /* Custom UI */ = {
			isa = PBXGroup;
			children = (
				32DC975725C2F69F00947118 /* CustomView.swift */,
			);
			path = "Custom UI";
			sourceTree = "<group>";
		};
		323B659825C40C8F002FC926 /* Models */ = {
			isa = PBXGroup;
			children = (
				323B659925C40C9E002FC926 /* Search.swift */,
			);
			path = Models;
			sourceTree = "<group>";
		};
		323B659C25C41E1A002FC926 /* Detail */ = {
			isa = PBXGroup;
			children = (
				323B659E25C41E40002FC926 /* DetailViewController.swift */,
				323B659D25C41E32002FC926 /* View */,
			);
			path = Detail;
			sourceTree = "<group>";
		};
		323B659D25C41E32002FC926 /* View */ = {
			isa = PBXGroup;
			children = (
				323B65A225C41E49002FC926 /* DetailView.swift */,
				323B65A525C41E52002FC926 /* DetailView.xib */,
			);
			path = View;
			sourceTree = "<group>";
		};
		323B65AE25C42BA9002FC926 /* Core Data */ = {
			isa = PBXGroup;
			children = (
				323B65AB25C42B82002FC926 /* PersistManager.swift */,
				323B65AF25C42BBF002FC926 /* CoreDataController.swift */,
			);
			path = "Core Data";
			sourceTree = "<group>";
		};
		32DC96F625C2EB9900947118 = {
			isa = PBXGroup;
			children = (
				32DC970125C2EB9900947118 /* YandexMapTask */,
				32DC970025C2EB9900947118 /* Products */,
				7DF773D598E1F4FDE940AC23 /* Pods */,
				139E0B4D65E77311D72AC7FC /* Frameworks */,
			);
			sourceTree = "<group>";
		};
		32DC970025C2EB9900947118 /* Products */ = {
			isa = PBXGroup;
			children = (
				32DC96FF25C2EB9900947118 /* YandexMapTask.app */,
			);
			name = Products;
			sourceTree = "<group>";
		};
		32DC970125C2EB9900947118 /* YandexMapTask */ = {
			isa = PBXGroup;
			children = (
				323B659825C40C8F002FC926 /* Models */,
				32DC972225C2EF6700947118 /* Additional Materials */,
				32DC973325C2F06500947118 /* TabBarController */,
				32DC973925C2F10000947118 /* Address */,
				32DC973E25C2F17D00947118 /* Map */,
				32DC973F25C2F18700947118 /* Profile */,
				32DC971C25C2ECBC00947118 /* Resources */,
			);
			path = YandexMapTask;
			sourceTree = "<group>";
		};
		32DC971C25C2ECBC00947118 /* Resources */ = {
			isa = PBXGroup;
			children = (
				32DC970225C2EB9900947118 /* AppDelegate.swift */,
				32DC970425C2EB9900947118 /* SceneDelegate.swift */,
				32DC970E25C2EB9A00947118 /* Assets.xcassets */,
				32DC971025C2EB9A00947118 /* LaunchScreen.storyboard */,
				32DC971325C2EB9A00947118 /* Info.plist */,
				32DC970B25C2EB9900947118 /* YandexMapTask.xcdatamodeld */,
			);
			path = Resources;
			sourceTree = "<group>";
		};
		32DC972225C2EF6700947118 /* Additional Materials */ = {
			isa = PBXGroup;
			children = (
				32DC975625C2F68F00947118 /* Classes */,
				32DC973525C2F0D700947118 /* Protocols */,
				32DC972825C2EFB300947118 /* Constants */,
				32DC972325C2EF8200947118 /* Extensions */,
			);
			path = "Additional Materials";
			sourceTree = "<group>";
		};
		32DC972325C2EF8200947118 /* Extensions */ = {
			isa = PBXGroup;
			children = (
				32DC972425C2EF9500947118 /* UIColor.swift */,
				32DC973025C2F02D00947118 /* UIImage.swift */,
				32DC976225C2F9DF00947118 /* UITabBarItem.swift */,
				32DC978525C2FFED00947118 /* UINavigationBar.swift */,
				32DC979F25C30AF000947118 /* UIView.swift */,
				32DC97AE25C3130500947118 /* UISearchBar.swift */,
				32DC97BA25C3F09F00947118 /* UIViewController.swift */,
				323B65A825C42064002FC926 /* UIButton.swift */,
				32139D3025C45DA900C4D414 /* UINavigationController.swift */,
			);
			path = Extensions;
			sourceTree = "<group>";
		};
		32DC972825C2EFB300947118 /* Constants */ = {
			isa = PBXGroup;
			children = (
				32DC972925C2EFC400947118 /* AssetsColor.swift */,
				32DC972D25C2EFFB00947118 /* AssetsImage.swift */,
				32DC97A225C30DFE00947118 /* YandexMap.swift */,
			);
			path = Constants;
			sourceTree = "<group>";
		};
		32DC973325C2F06500947118 /* TabBarController */ = {
			isa = PBXGroup;
			children = (
				32DC971F25C2EF5200947118 /* TabBarController.swift */,
				323B659525C40B1E002FC926 /* SearchService.swift */,
			);
			path = TabBarController;
			sourceTree = "<group>";
		};
		32DC973525C2F0D700947118 /* Protocols */ = {
			isa = PBXGroup;
			children = (
				32DC973625C2F0E300947118 /* Coordinator.swift */,
				32DC974825C2F59E00947118 /* ViewSpecificController.swift */,
				32DC974B25C2F5FD00947118 /* AlertViewController.swift */,
				32DC979C25C30ABD00947118 /* ReusableView.swift */,
			);
			path = Protocols;
			sourceTree = "<group>";
		};
		32DC973925C2F10000947118 /* Address */ = {
			isa = PBXGroup;
			children = (
				32DC973A25C2F17100947118 /* AddressCoordinator.swift */,
				32DC974625C2F1BD00947118 /* Address */,
			);
			path = Address;
			sourceTree = "<group>";
		};
		32DC973E25C2F17D00947118 /* Map */ = {
			isa = PBXGroup;
			children = (
				32DC974025C2F1A200947118 /* MapCoordinator.swift */,
				32DC976525C2FBDB00947118 /* Map */,
				32DC97BD25C3F12C00947118 /* Suggest */,
				323B659C25C41E1A002FC926 /* Detail */,
			);
			path = Map;
			sourceTree = "<group>";
		};
		32DC973F25C2F18700947118 /* Profile */ = {
			isa = PBXGroup;
			children = (
				32DC974325C2F1B200947118 /* ProfileCoordinator.swift */,
				32DC977525C2FCD400947118 /* Profile */,
			);
			path = Profile;
			sourceTree = "<group>";
		};
		32DC974625C2F1BD00947118 /* Address */ = {
			isa = PBXGroup;
			children = (
				32DC979225C3082F00947118 /* Data Provider */,
				32DC974F25C2F65100947118 /* View */,
				32DC975A25C2F76300947118 /* View Model */,
			);
			path = Address;
			sourceTree = "<group>";
		};
		32DC974F25C2F65100947118 /* View */ = {
			isa = PBXGroup;
			children = (
				32DC970625C2EB9900947118 /* AddessViewController.swift */,
				32DC978F25C307C500947118 /* Root View */,
				32DC979025C307D600947118 /* Cell */,
			);
			path = View;
			sourceTree = "<group>";
		};
		32DC975625C2F68F00947118 /* Classes */ = {
			isa = PBXGroup;
			children = (
				32139D2E25C4304A00C4D414 /* Custom UI */,
				323B65AE25C42BA9002FC926 /* Core Data */,
			);
			path = Classes;
			sourceTree = "<group>";
		};
		32DC975A25C2F76300947118 /* View Model */ = {
			isa = PBXGroup;
			children = (
				32DC975B25C2F78600947118 /* AddressViewModel.swift */,
			);
			path = "View Model";
			sourceTree = "<group>";
		};
		32DC976525C2FBDB00947118 /* Map */ = {
			isa = PBXGroup;
			children = (
				32DC976825C2FC1700947118 /* MapViewController.swift */,
				32DC976625C2FBFA00947118 /* Map View */,
				32DC97A525C30FEF00947118 /* Search View */,
				32DC97B125C3197800947118 /* PickerPin View */,
				32DC976725C2FBFE00947118 /* View Model */,
			);
			path = Map;
			sourceTree = "<group>";
		};
		32DC976625C2FBFA00947118 /* Map View */ = {
			isa = PBXGroup;
			children = (
				32DC976C25C2FC2300947118 /* MapView.swift */,
				32DC976F25C2FC2B00947118 /* MapView.xib */,
			);
			path = "Map View";
			sourceTree = "<group>";
		};
		32DC976725C2FBFE00947118 /* View Model */ = {
			isa = PBXGroup;
			children = (
				32DC977225C2FC3600947118 /* MapViewModel.swift */,
			);
			path = "View Model";
			sourceTree = "<group>";
		};
		32DC977525C2FCD400947118 /* Profile */ = {
			isa = PBXGroup;
			children = (
				32DC978125C2FD1B00947118 /* ProfileViewController.swift */,
				32DC977625C2FCDC00947118 /* View */,
			);
			path = Profile;
			sourceTree = "<group>";
		};
		32DC977625C2FCDC00947118 /* View */ = {
			isa = PBXGroup;
			children = (
				32DC977B25C2FD0100947118 /* ProfileView.swift */,
				32DC977E25C2FD0A00947118 /* ProfileView.xib */,
			);
			path = View;
			sourceTree = "<group>";
		};
		32DC978F25C307C500947118 /* Root View */ = {
			isa = PBXGroup;
			children = (
				32DC975025C2F65C00947118 /* AddressView.swift */,
				32DC975325C2F66800947118 /* AddressView.xib */,
			);
			path = "Root View";
			sourceTree = "<group>";
		};
		32DC979025C307D600947118 /* Cell */ = {
			isa = PBXGroup;
			children = (
				32DC979725C308B100947118 /* AddressCollectionViewCell.swift */,
				32DC979825C308B100947118 /* AddressCollectionViewCell.xib */,
			);
			path = Cell;
			sourceTree = "<group>";
		};
		32DC979225C3082F00947118 /* Data Provider */ = {
			isa = PBXGroup;
			children = (
				32DC979325C3085000947118 /* AddressDataProvider.swift */,
			);
			path = "Data Provider";
			sourceTree = "<group>";
		};
		32DC97A525C30FEF00947118 /* Search View */ = {
			isa = PBXGroup;
			children = (
				32DC97A625C3101300947118 /* SearchView.swift */,
				32DC97AB25C3102C00947118 /* SearchView.xib */,
			);
			path = "Search View";
			sourceTree = "<group>";
		};
		32DC97B125C3197800947118 /* PickerPin View */ = {
			isa = PBXGroup;
			children = (
				32DC97B225C319B700947118 /* PickerPinView.swift */,
				32DC97B625C319C200947118 /* PickerPinView.xib */,
			);
			path = "PickerPin View";
			sourceTree = "<group>";
		};
		32DC97BD25C3F12C00947118 /* Suggest */ = {
			isa = PBXGroup;
			children = (
				32DC97BF25C3F15000947118 /* Data Provider */,
				32DC97BE25C3F14B00947118 /* View */,
				32DC97C025C3F16800947118 /* View Model */,
			);
			path = Suggest;
			sourceTree = "<group>";
		};
		32DC97BE25C3F14B00947118 /* View */ = {
			isa = PBXGroup;
			children = (
				32DC97C425C3F19B00947118 /* SuggestViewController.swift */,
				32DC97C725C3F1A300947118 /* Root View */,
				32DC97C825C3F1AA00947118 /* Cell */,
			);
			path = View;
			sourceTree = "<group>";
		};
		32DC97BF25C3F15000947118 /* Data Provider */ = {
			isa = PBXGroup;
			children = (
				32DC97DB25C3F32700947118 /* SuggestDataProvider.swift */,
			);
			path = "Data Provider";
			sourceTree = "<group>";
		};
		32DC97C025C3F16800947118 /* View Model */ = {
			isa = PBXGroup;
			children = (
				32DC97C125C3F18600947118 /* SearchViewModel.swift */,
			);
			path = "View Model";
			sourceTree = "<group>";
		};
		32DC97C725C3F1A300947118 /* Root View */ = {
			isa = PBXGroup;
			children = (
				32DC97C925C3F1B900947118 /* SuggestView.swift */,
				32DC97CD25C3F1C600947118 /* SuggestView.xib */,
			);
			path = "Root View";
			sourceTree = "<group>";
		};
		32DC97C825C3F1AA00947118 /* Cell */ = {
			isa = PBXGroup;
			children = (
				32DC97D625C3F28300947118 /* SuggestTableViewCell.swift */,
				32DC97D725C3F28300947118 /* SuggestTableViewCell.xib */,
			);
			path = Cell;
			sourceTree = "<group>";
		};
		7DF773D598E1F4FDE940AC23 /* Pods */ = {
			isa = PBXGroup;
			children = (
				63B8E48EC5CECBF8FAC7D9B5 /* Pods-YandexMapTask.debug.xcconfig */,
				01E1607C8DFDA72F5DB94201 /* Pods-YandexMapTask.release.xcconfig */,
			);
			path = Pods;
			sourceTree = "<group>";
		};
/* End PBXGroup section */

/* Begin PBXNativeTarget section */
		32DC96FE25C2EB9900947118 /* YandexMapTask */ = {
			isa = PBXNativeTarget;
			buildConfigurationList = 32DC971625C2EB9A00947118 /* Build configuration list for PBXNativeTarget "YandexMapTask" */;
			buildPhases = (
				B76B8D206FD84D8701F92566 /* [CP] Check Pods Manifest.lock */,
				32DC96FB25C2EB9900947118 /* Sources */,
				32DC96FC25C2EB9900947118 /* Frameworks */,
				32DC96FD25C2EB9900947118 /* Resources */,
				2E2C47119371CF72FC9A43EF /* [CP] Embed Pods Frameworks */,
				13514E1FCC359C5AB1A38C1F /* [CP] Copy Pods Resources */,
			);
			buildRules = (
			);
			dependencies = (
			);
			name = YandexMapTask;
			productName = YandexMapTask;
			productReference = 32DC96FF25C2EB9900947118 /* YandexMapTask.app */;
			productType = "com.apple.product-type.application";
		};
/* End PBXNativeTarget section */

/* Begin PBXProject section */
		32DC96F725C2EB9900947118 /* Project object */ = {
			isa = PBXProject;
			attributes = {
				LastSwiftUpdateCheck = 1240;
				LastUpgradeCheck = 1240;
				TargetAttributes = {
					32DC96FE25C2EB9900947118 = {
						CreatedOnToolsVersion = 12.4;
					};
				};
			};
			buildConfigurationList = 32DC96FA25C2EB9900947118 /* Build configuration list for PBXProject "YandexMapTask" */;
			compatibilityVersion = "Xcode 9.3";
			developmentRegion = en;
			hasScannedForEncodings = 0;
			knownRegions = (
				en,
				Base,
			);
			mainGroup = 32DC96F625C2EB9900947118;
			productRefGroup = 32DC970025C2EB9900947118 /* Products */;
			projectDirPath = "";
			projectRoot = "";
			targets = (
				32DC96FE25C2EB9900947118 /* YandexMapTask */,
			);
		};
/* End PBXProject section */

/* Begin PBXResourcesBuildPhase section */
		32DC96FD25C2EB9900947118 /* Resources */ = {
			isa = PBXResourcesBuildPhase;
			buildActionMask = 2147483647;
			files = (
				32DC975425C2F66800947118 /* AddressView.xib in Resources */,
				32DC97AC25C3102C00947118 /* SearchView.xib in Resources */,
				32DC97B725C319C200947118 /* PickerPinView.xib in Resources */,
				32DC977F25C2FD0A00947118 /* ProfileView.xib in Resources */,
				32DC977025C2FC2B00947118 /* MapView.xib in Resources */,
				32DC97CE25C3F1C600947118 /* SuggestView.xib in Resources */,
				32DC979A25C308B100947118 /* AddressCollectionViewCell.xib in Resources */,
				32DC971225C2EB9A00947118 /* LaunchScreen.storyboard in Resources */,
				32DC970F25C2EB9A00947118 /* Assets.xcassets in Resources */,
				32DC97D925C3F28300947118 /* SuggestTableViewCell.xib in Resources */,
				323B65A625C41E52002FC926 /* DetailView.xib in Resources */,
			);
			runOnlyForDeploymentPostprocessing = 0;
		};
/* End PBXResourcesBuildPhase section */

/* Begin PBXShellScriptBuildPhase section */
		13514E1FCC359C5AB1A38C1F /* [CP] Copy Pods Resources */ = {
			isa = PBXShellScriptBuildPhase;
			buildActionMask = 2147483647;
			files = (
			);
			inputFileListPaths = (
				"${PODS_ROOT}/Target Support Files/Pods-YandexMapTask/Pods-YandexMapTask-resources-${CONFIGURATION}-input-files.xcfilelist",
			);
			name = "[CP] Copy Pods Resources";
			outputFileListPaths = (
				"${PODS_ROOT}/Target Support Files/Pods-YandexMapTask/Pods-YandexMapTask-resources-${CONFIGURATION}-output-files.xcfilelist",
			);
			runOnlyForDeploymentPostprocessing = 0;
			shellPath = /bin/sh;
			shellScript = "\"${PODS_ROOT}/Target Support Files/Pods-YandexMapTask/Pods-YandexMapTask-resources.sh\"\n";
			showEnvVarsInLog = 0;
		};
		2E2C47119371CF72FC9A43EF /* [CP] Embed Pods Frameworks */ = {
			isa = PBXShellScriptBuildPhase;
			buildActionMask = 2147483647;
			files = (
			);
			inputFileListPaths = (
				"${PODS_ROOT}/Target Support Files/Pods-YandexMapTask/Pods-YandexMapTask-frameworks-${CONFIGURATION}-input-files.xcfilelist",
			);
			name = "[CP] Embed Pods Frameworks";
			outputFileListPaths = (
				"${PODS_ROOT}/Target Support Files/Pods-YandexMapTask/Pods-YandexMapTask-frameworks-${CONFIGURATION}-output-files.xcfilelist",
			);
			runOnlyForDeploymentPostprocessing = 0;
			shellPath = /bin/sh;
			shellScript = "\"${PODS_ROOT}/Target Support Files/Pods-YandexMapTask/Pods-YandexMapTask-frameworks.sh\"\n";
			showEnvVarsInLog = 0;
		};
		B76B8D206FD84D8701F92566 /* [CP] Check Pods Manifest.lock */ = {
			isa = PBXShellScriptBuildPhase;
			buildActionMask = 2147483647;
			files = (
			);
			inputFileListPaths = (
			);
			inputPaths = (
				"${PODS_PODFILE_DIR_PATH}/Podfile.lock",
				"${PODS_ROOT}/Manifest.lock",
			);
			name = "[CP] Check Pods Manifest.lock";
			outputFileListPaths = (
			);
			outputPaths = (
				"$(DERIVED_FILE_DIR)/Pods-YandexMapTask-checkManifestLockResult.txt",
			);
			runOnlyForDeploymentPostprocessing = 0;
			shellPath = /bin/sh;
			shellScript = "diff \"${PODS_PODFILE_DIR_PATH}/Podfile.lock\" \"${PODS_ROOT}/Manifest.lock\" > /dev/null\nif [ $? != 0 ] ; then\n    # print error to STDERR\n    echo \"error: The sandbox is not in sync with the Podfile.lock. Run 'pod install' or update your CocoaPods installation.\" >&2\n    exit 1\nfi\n# This output is used by Xcode 'outputs' to avoid re-running this script phase.\necho \"SUCCESS\" > \"${SCRIPT_OUTPUT_FILE_0}\"\n";
			showEnvVarsInLog = 0;
		};
/* End PBXShellScriptBuildPhase section */

/* Begin PBXSourcesBuildPhase section */
		32DC96FB25C2EB9900947118 /* Sources */ = {
			isa = PBXSourcesBuildPhase;
			buildActionMask = 2147483647;
			files = (
				32DC970D25C2EB9900947118 /* YandexMapTask.xcdatamodeld in Sources */,
				32DC97C225C3F18600947118 /* SearchViewModel.swift in Sources */,
				32DC972525C2EF9500947118 /* UIColor.swift in Sources */,
				32DC974925C2F59E00947118 /* ViewSpecificController.swift in Sources */,
				32DC97DC25C3F32700947118 /* SuggestDataProvider.swift in Sources */,
				32DC976925C2FC1700947118 /* MapViewController.swift in Sources */,
				32DC97A025C30AF000947118 /* UIView.swift in Sources */,
				32DC973725C2F0E300947118 /* Coordinator.swift in Sources */,
				32139D3125C45DA900C4D414 /* UINavigationController.swift in Sources */,
				32DC972E25C2EFFB00947118 /* AssetsImage.swift in Sources */,
				32DC97A325C30DFE00947118 /* YandexMap.swift in Sources */,
				32DC97BB25C3F09F00947118 /* UIViewController.swift in Sources */,
				32DC979925C308B100947118 /* AddressCollectionViewCell.swift in Sources */,
				32DC970725C2EB9900947118 /* AddessViewController.swift in Sources */,
				32DC976D25C2FC2300947118 /* MapView.swift in Sources */,
				32DC970325C2EB9900947118 /* AppDelegate.swift in Sources */,
				32DC972025C2EF5200947118 /* TabBarController.swift in Sources */,
				32DC973125C2F02D00947118 /* UIImage.swift in Sources */,
				32DC975825C2F69F00947118 /* CustomView.swift in Sources */,
				32DC97A725C3101300947118 /* SearchView.swift in Sources */,
				323B65A925C42064002FC926 /* UIButton.swift in Sources */,
				32DC976325C2F9DF00947118 /* UITabBarItem.swift in Sources */,
				32DC974425C2F1B200947118 /* ProfileCoordinator.swift in Sources */,
				32DC975C25C2F78600947118 /* AddressViewModel.swift in Sources */,
				32DC977C25C2FD0100947118 /* ProfileView.swift in Sources */,
				323B659A25C40C9E002FC926 /* Search.swift in Sources */,
				32DC972A25C2EFC400947118 /* AssetsColor.swift in Sources */,
				323B65A325C41E4A002FC926 /* DetailView.swift in Sources */,
				32DC97CA25C3F1B900947118 /* SuggestView.swift in Sources */,
				32DC97AF25C3130500947118 /* UISearchBar.swift in Sources */,
				323B659F25C41E40002FC926 /* DetailViewController.swift in Sources */,
				32DC974125C2F1A200947118 /* MapCoordinator.swift in Sources */,
				32DC979D25C30ABD00947118 /* ReusableView.swift in Sources */,
				323B65B025C42BBF002FC926 /* CoreDataController.swift in Sources */,
				32DC977325C2FC3600947118 /* MapViewModel.swift in Sources */,
				32DC970525C2EB9900947118 /* SceneDelegate.swift in Sources */,
				32DC97D825C3F28300947118 /* SuggestTableViewCell.swift in Sources */,
				32DC975125C2F65C00947118 /* AddressView.swift in Sources */,
				32DC978225C2FD1B00947118 /* ProfileViewController.swift in Sources */,
				32DC97C525C3F19B00947118 /* SuggestViewController.swift in Sources */,
				323B65AC25C42B82002FC926 /* PersistManager.swift in Sources */,
				32DC974C25C2F5FD00947118 /* AlertViewController.swift in Sources */,
				32DC973B25C2F17100947118 /* AddressCoordinator.swift in Sources */,
				32DC97B325C319B700947118 /* PickerPinView.swift in Sources */,
				323B659625C40B1E002FC926 /* SearchService.swift in Sources */,
				32DC978625C2FFED00947118 /* UINavigationBar.swift in Sources */,
				32DC979425C3085000947118 /* AddressDataProvider.swift in Sources */,
			);
			runOnlyForDeploymentPostprocessing = 0;
		};
/* End PBXSourcesBuildPhase section */

/* Begin PBXVariantGroup section */
		32DC971025C2EB9A00947118 /* LaunchScreen.storyboard */ = {
			isa = PBXVariantGroup;
			children = (
				32DC971125C2EB9A00947118 /* Base */,
			);
			name = LaunchScreen.storyboard;
			sourceTree = "<group>";
		};
/* End PBXVariantGroup section */

/* Begin XCBuildConfiguration section */
		32DC971425C2EB9A00947118 /* Debug */ = {
			isa = XCBuildConfiguration;
			buildSettings = {
				ALWAYS_SEARCH_USER_PATHS = NO;
				CLANG_ANALYZER_NONNULL = YES;
				CLANG_ANALYZER_NUMBER_OBJECT_CONVERSION = YES_AGGRESSIVE;
				CLANG_CXX_LANGUAGE_STANDARD = "gnu++14";
				CLANG_CXX_LIBRARY = "libc++";
				CLANG_ENABLE_MODULES = YES;
				CLANG_ENABLE_OBJC_ARC = YES;
				CLANG_ENABLE_OBJC_WEAK = YES;
				CLANG_WARN_BLOCK_CAPTURE_AUTORELEASING = YES;
				CLANG_WARN_BOOL_CONVERSION = YES;
				CLANG_WARN_COMMA = YES;
				CLANG_WARN_CONSTANT_CONVERSION = YES;
				CLANG_WARN_DEPRECATED_OBJC_IMPLEMENTATIONS = YES;
				CLANG_WARN_DIRECT_OBJC_ISA_USAGE = YES_ERROR;
				CLANG_WARN_DOCUMENTATION_COMMENTS = YES;
				CLANG_WARN_EMPTY_BODY = YES;
				CLANG_WARN_ENUM_CONVERSION = YES;
				CLANG_WARN_INFINITE_RECURSION = YES;
				CLANG_WARN_INT_CONVERSION = YES;
				CLANG_WARN_NON_LITERAL_NULL_CONVERSION = YES;
				CLANG_WARN_OBJC_IMPLICIT_RETAIN_SELF = YES;
				CLANG_WARN_OBJC_LITERAL_CONVERSION = YES;
				CLANG_WARN_OBJC_ROOT_CLASS = YES_ERROR;
				CLANG_WARN_QUOTED_INCLUDE_IN_FRAMEWORK_HEADER = YES;
				CLANG_WARN_RANGE_LOOP_ANALYSIS = YES;
				CLANG_WARN_STRICT_PROTOTYPES = YES;
				CLANG_WARN_SUSPICIOUS_MOVE = YES;
				CLANG_WARN_UNGUARDED_AVAILABILITY = YES_AGGRESSIVE;
				CLANG_WARN_UNREACHABLE_CODE = YES;
				CLANG_WARN__DUPLICATE_METHOD_MATCH = YES;
				COPY_PHASE_STRIP = NO;
				DEBUG_INFORMATION_FORMAT = dwarf;
				ENABLE_STRICT_OBJC_MSGSEND = YES;
				ENABLE_TESTABILITY = YES;
				GCC_C_LANGUAGE_STANDARD = gnu11;
				GCC_DYNAMIC_NO_PIC = NO;
				GCC_NO_COMMON_BLOCKS = YES;
				GCC_OPTIMIZATION_LEVEL = 0;
				GCC_PREPROCESSOR_DEFINITIONS = (
					"DEBUG=1",
					"$(inherited)",
				);
				GCC_WARN_64_TO_32_BIT_CONVERSION = YES;
				GCC_WARN_ABOUT_RETURN_TYPE = YES_ERROR;
				GCC_WARN_UNDECLARED_SELECTOR = YES;
				GCC_WARN_UNINITIALIZED_AUTOS = YES_AGGRESSIVE;
				GCC_WARN_UNUSED_FUNCTION = YES;
				GCC_WARN_UNUSED_VARIABLE = YES;
				IPHONEOS_DEPLOYMENT_TARGET = 13.0;
				MTL_ENABLE_DEBUG_INFO = INCLUDE_SOURCE;
				MTL_FAST_MATH = YES;
				ONLY_ACTIVE_ARCH = YES;
				SDKROOT = iphoneos;
				SWIFT_ACTIVE_COMPILATION_CONDITIONS = DEBUG;
				SWIFT_OPTIMIZATION_LEVEL = "-Onone";
			};
			name = Debug;
		};
		32DC971525C2EB9A00947118 /* Release */ = {
			isa = XCBuildConfiguration;
			buildSettings = {
				ALWAYS_SEARCH_USER_PATHS = NO;
				CLANG_ANALYZER_NONNULL = YES;
				CLANG_ANALYZER_NUMBER_OBJECT_CONVERSION = YES_AGGRESSIVE;
				CLANG_CXX_LANGUAGE_STANDARD = "gnu++14";
				CLANG_CXX_LIBRARY = "libc++";
				CLANG_ENABLE_MODULES = YES;
				CLANG_ENABLE_OBJC_ARC = YES;
				CLANG_ENABLE_OBJC_WEAK = YES;
				CLANG_WARN_BLOCK_CAPTURE_AUTORELEASING = YES;
				CLANG_WARN_BOOL_CONVERSION = YES;
				CLANG_WARN_COMMA = YES;
				CLANG_WARN_CONSTANT_CONVERSION = YES;
				CLANG_WARN_DEPRECATED_OBJC_IMPLEMENTATIONS = YES;
				CLANG_WARN_DIRECT_OBJC_ISA_USAGE = YES_ERROR;
				CLANG_WARN_DOCUMENTATION_COMMENTS = YES;
				CLANG_WARN_EMPTY_BODY = YES;
				CLANG_WARN_ENUM_CONVERSION = YES;
				CLANG_WARN_INFINITE_RECURSION = YES;
				CLANG_WARN_INT_CONVERSION = YES;
				CLANG_WARN_NON_LITERAL_NULL_CONVERSION = YES;
				CLANG_WARN_OBJC_IMPLICIT_RETAIN_SELF = YES;
				CLANG_WARN_OBJC_LITERAL_CONVERSION = YES;
				CLANG_WARN_OBJC_ROOT_CLASS = YES_ERROR;
				CLANG_WARN_QUOTED_INCLUDE_IN_FRAMEWORK_HEADER = YES;
				CLANG_WARN_RANGE_LOOP_ANALYSIS = YES;
				CLANG_WARN_STRICT_PROTOTYPES = YES;
				CLANG_WARN_SUSPICIOUS_MOVE = YES;
				CLANG_WARN_UNGUARDED_AVAILABILITY = YES_AGGRESSIVE;
				CLANG_WARN_UNREACHABLE_CODE = YES;
				CLANG_WARN__DUPLICATE_METHOD_MATCH = YES;
				COPY_PHASE_STRIP = NO;
				DEBUG_INFORMATION_FORMAT = "dwarf-with-dsym";
				ENABLE_NS_ASSERTIONS = NO;
				ENABLE_STRICT_OBJC_MSGSEND = YES;
				GCC_C_LANGUAGE_STANDARD = gnu11;
				GCC_NO_COMMON_BLOCKS = YES;
				GCC_WARN_64_TO_32_BIT_CONVERSION = YES;
				GCC_WARN_ABOUT_RETURN_TYPE = YES_ERROR;
				GCC_WARN_UNDECLARED_SELECTOR = YES;
				GCC_WARN_UNINITIALIZED_AUTOS = YES_AGGRESSIVE;
				GCC_WARN_UNUSED_FUNCTION = YES;
				GCC_WARN_UNUSED_VARIABLE = YES;
				IPHONEOS_DEPLOYMENT_TARGET = 13.0;
				MTL_ENABLE_DEBUG_INFO = NO;
				MTL_FAST_MATH = YES;
				SDKROOT = iphoneos;
				SWIFT_COMPILATION_MODE = wholemodule;
				SWIFT_OPTIMIZATION_LEVEL = "-O";
				VALIDATE_PRODUCT = YES;
			};
			name = Release;
		};
		32DC971725C2EB9A00947118 /* Debug */ = {
			isa = XCBuildConfiguration;
			baseConfigurationReference = 63B8E48EC5CECBF8FAC7D9B5 /* Pods-YandexMapTask.debug.xcconfig */;
			buildSettings = {
				ASSETCATALOG_COMPILER_APPICON_NAME = AppIcon;
				ASSETCATALOG_COMPILER_GLOBAL_ACCENT_COLOR_NAME = AccentColor;
				CODE_SIGN_STYLE = Automatic;
				DEVELOPMENT_TEAM = 7A9V4SQ8LR;
				INFOPLIST_FILE = YandexMapTask/Resources/Info.plist;
				LD_RUNPATH_SEARCH_PATHS = (
					"$(inherited)",
					"@executable_path/Frameworks",
				);
				PRODUCT_BUNDLE_IDENTIFIER = com.jakhongir.YandexMapTask;
				PRODUCT_NAME = "$(TARGET_NAME)";
				SWIFT_VERSION = 5.0;
				TARGETED_DEVICE_FAMILY = 1;
			};
			name = Debug;
		};
		32DC971825C2EB9A00947118 /* Release */ = {
			isa = XCBuildConfiguration;
			baseConfigurationReference = 01E1607C8DFDA72F5DB94201 /* Pods-YandexMapTask.release.xcconfig */;
			buildSettings = {
				ASSETCATALOG_COMPILER_APPICON_NAME = AppIcon;
				ASSETCATALOG_COMPILER_GLOBAL_ACCENT_COLOR_NAME = AccentColor;
				CODE_SIGN_STYLE = Automatic;
				DEVELOPMENT_TEAM = 7A9V4SQ8LR;
				INFOPLIST_FILE = YandexMapTask/Resources/Info.plist;
				LD_RUNPATH_SEARCH_PATHS = (
					"$(inherited)",
					"@executable_path/Frameworks",
				);
				PRODUCT_BUNDLE_IDENTIFIER = com.jakhongir.YandexMapTask;
				PRODUCT_NAME = "$(TARGET_NAME)";
				SWIFT_VERSION = 5.0;
				TARGETED_DEVICE_FAMILY = 1;
			};
			name = Release;
		};
/* End XCBuildConfiguration section */

/* Begin XCConfigurationList section */
		32DC96FA25C2EB9900947118 /* Build configuration list for PBXProject "YandexMapTask" */ = {
			isa = XCConfigurationList;
			buildConfigurations = (
				32DC971425C2EB9A00947118 /* Debug */,
				32DC971525C2EB9A00947118 /* Release */,
			);
			defaultConfigurationIsVisible = 0;
			defaultConfigurationName = Release;
		};
		32DC971625C2EB9A00947118 /* Build configuration list for PBXNativeTarget "YandexMapTask" */ = {
			isa = XCConfigurationList;
			buildConfigurations = (
				32DC971725C2EB9A00947118 /* Debug */,
				32DC971825C2EB9A00947118 /* Release */,
			);
			defaultConfigurationIsVisible = 0;
			defaultConfigurationName = Release;
		};
/* End XCConfigurationList section */

/* Begin XCVersionGroup section */
		32DC970B25C2EB9900947118 /* YandexMapTask.xcdatamodeld */ = {
			isa = XCVersionGroup;
			children = (
				32DC970C25C2EB9900947118 /* YandexMapTask.xcdatamodel */,
			);
			currentVersion = 32DC970C25C2EB9900947118 /* YandexMapTask.xcdatamodel */;
			path = YandexMapTask.xcdatamodeld;
			sourceTree = "<group>";
			versionGroupType = wrapper.xcdatamodel;
		};
/* End XCVersionGroup section */
	};
	rootObject = 32DC96F725C2EB9900947118 /* Project object */;
}
